// !$*UTF8*$!
{
	archiveVersion = 1;
	classes = {
	};
	objectVersion = 46;
	objects = {

/* Begin PBXBuildFile section */
		0E430A426E5415524B729C4A /* Pods_MyContactsTests.framework in Frameworks */ = {isa = PBXBuildFile; fileRef = 31CC960B3E6147FACBB551C9 /* Pods_MyContactsTests.framework */; };
		2800A89EA3A57798B19BAD71 /* Pods_MyContactsUITests.framework in Frameworks */ = {isa = PBXBuildFile; fileRef = 110C2E5977CE4685E2B58FA3 /* Pods_MyContactsUITests.framework */; };
		6A06861C1F3BA28D002C98B9 /* EventCreation.swift in Sources */ = {isa = PBXBuildFile; fileRef = 6A06861B1F3BA28D002C98B9 /* EventCreation.swift */; };
		6A365F811F3A157D007474B9 /* AppDelegate.swift in Sources */ = {isa = PBXBuildFile; fileRef = 6A365F801F3A157D007474B9 /* AppDelegate.swift */; };
		6A365F831F3A157D007474B9 /* ViewController.swift in Sources */ = {isa = PBXBuildFile; fileRef = 6A365F821F3A157D007474B9 /* ViewController.swift */; };
		6A365F861F3A157D007474B9 /* Main.storyboard in Resources */ = {isa = PBXBuildFile; fileRef = 6A365F841F3A157D007474B9 /* Main.storyboard */; };
		6A365F881F3A157D007474B9 /* Assets.xcassets in Resources */ = {isa = PBXBuildFile; fileRef = 6A365F871F3A157D007474B9 /* Assets.xcassets */; };
		6A365F8B1F3A157D007474B9 /* LaunchScreen.storyboard in Resources */ = {isa = PBXBuildFile; fileRef = 6A365F891F3A157D007474B9 /* LaunchScreen.storyboard */; };
		6A365F961F3A157D007474B9 /* MyContactsTests.swift in Sources */ = {isa = PBXBuildFile; fileRef = 6A365F951F3A157D007474B9 /* MyContactsTests.swift */; };
		6A365FA11F3A157D007474B9 /* MyContactsUITests.swift in Sources */ = {isa = PBXBuildFile; fileRef = 6A365FA01F3A157D007474B9 /* MyContactsUITests.swift */; };
		6A365FB01F3A20F1007474B9 /* Contact.swift in Sources */ = {isa = PBXBuildFile; fileRef = 6A365FAF1F3A20F1007474B9 /* Contact.swift */; };
		6A365FB21F3A2234007474B9 /* ContactStorage.swift in Sources */ = {isa = PBXBuildFile; fileRef = 6A365FB11F3A2234007474B9 /* ContactStorage.swift */; };
		6A4F53DA1F3A5C20001BFF33 /* Roboto-Medium.ttf in Resources */ = {isa = PBXBuildFile; fileRef = 6ABEC9DB1F3A5B8900C51B4E /* Roboto-Medium.ttf */; };
		6A4F53DB1F3A5C20001BFF33 /* Roboto-Medium.ttf in Resources */ = {isa = PBXBuildFile; fileRef = 6ABEC9DB1F3A5B8900C51B4E /* Roboto-Medium.ttf */; };
		6A4F53DC1F3A5C23001BFF33 /* Roboto-Regular.ttf in Resources */ = {isa = PBXBuildFile; fileRef = 6ABEC9DC1F3A5B8900C51B4E /* Roboto-Regular.ttf */; };
		6A4F53DD1F3A5C23001BFF33 /* Roboto-Regular.ttf in Resources */ = {isa = PBXBuildFile; fileRef = 6ABEC9DC1F3A5B8900C51B4E /* Roboto-Regular.ttf */; };
		6A5D32341F3B45B7008A7008 /* ContactCell.swift in Sources */ = {isa = PBXBuildFile; fileRef = 6A5D32331F3B45B7008A7008 /* ContactCell.swift */; };
		6ABEC9D31F3A2FF200C51B4E /* Theme.swift in Sources */ = {isa = PBXBuildFile; fileRef = 6ABEC9D21F3A2FF200C51B4E /* Theme.swift */; };
		6ABEC9D51F3A350100C51B4E /* BaseViewController.swift in Sources */ = {isa = PBXBuildFile; fileRef = 6ABEC9D41F3A350100C51B4E /* BaseViewController.swift */; };
		6ABEC9D71F3A353300C51B4E /* CreateViewController.swift in Sources */ = {isa = PBXBuildFile; fileRef = 6ABEC9D61F3A353300C51B4E /* CreateViewController.swift */; };
		6ABEC9D91F3A3E8000C51B4E /* ContactViewController.swift in Sources */ = {isa = PBXBuildFile; fileRef = 6ABEC9D81F3A3E8000C51B4E /* ContactViewController.swift */; };
		6ABEC9DD1F3A5B8900C51B4E /* Roboto-Medium.ttf in Resources */ = {isa = PBXBuildFile; fileRef = 6ABEC9DB1F3A5B8900C51B4E /* Roboto-Medium.ttf */; };
		6ABEC9DE1F3A5B8900C51B4E /* Roboto-Regular.ttf in Resources */ = {isa = PBXBuildFile; fileRef = 6ABEC9DC1F3A5B8900C51B4E /* Roboto-Regular.ttf */; };
		6AC821761F3B4AAA00F394DC /* Utility.swift in Sources */ = {isa = PBXBuildFile; fileRef = 6AC821751F3B4AAA00F394DC /* Utility.swift */; };
		6AC8217A1F3B4F0D00F394DC /* Prompt.swift in Sources */ = {isa = PBXBuildFile; fileRef = 6AC821791F3B4F0D00F394DC /* Prompt.swift */; };
		FC5D129FC2E2DDB5BE50E977 /* Pods_MyContacts.framework in Frameworks */ = {isa = PBXBuildFile; fileRef = A0AD20A9F8ABFFF57B32B00E /* Pods_MyContacts.framework */; };
/* End PBXBuildFile section */

/* Begin PBXContainerItemProxy section */
		6A365F921F3A157D007474B9 /* PBXContainerItemProxy */ = {
			isa = PBXContainerItemProxy;
			containerPortal = 6A365F751F3A157D007474B9 /* Project object */;
			proxyType = 1;
			remoteGlobalIDString = 6A365F7C1F3A157D007474B9;
			remoteInfo = MyContacts;
		};
		6A365F9D1F3A157D007474B9 /* PBXContainerItemProxy */ = {
			isa = PBXContainerItemProxy;
			containerPortal = 6A365F751F3A157D007474B9 /* Project object */;
			proxyType = 1;
			remoteGlobalIDString = 6A365F7C1F3A157D007474B9;
			remoteInfo = MyContacts;
		};
/* End PBXContainerItemProxy section */

/* Begin PBXFileReference section */
		110C2E5977CE4685E2B58FA3 /* Pods_MyContactsUITests.framework */ = {isa = PBXFileReference; explicitFileType = wrapper.framework; includeInIndex = 0; path = Pods_MyContactsUITests.framework; sourceTree = BUILT_PRODUCTS_DIR; };
		1DC7E8DBCFCF05B87AC31C11 /* Pods-MyContacts.release.xcconfig */ = {isa = PBXFileReference; includeInIndex = 1; lastKnownFileType = text.xcconfig; name = "Pods-MyContacts.release.xcconfig"; path = "Pods/Target Support Files/Pods-MyContacts/Pods-MyContacts.release.xcconfig"; sourceTree = "<group>"; };
		31CC960B3E6147FACBB551C9 /* Pods_MyContactsTests.framework */ = {isa = PBXFileReference; explicitFileType = wrapper.framework; includeInIndex = 0; path = Pods_MyContactsTests.framework; sourceTree = BUILT_PRODUCTS_DIR; };
		3E969C5B81FABD6AC6100740 /* Pods-MyContacts.debug.xcconfig */ = {isa = PBXFileReference; includeInIndex = 1; lastKnownFileType = text.xcconfig; name = "Pods-MyContacts.debug.xcconfig"; path = "Pods/Target Support Files/Pods-MyContacts/Pods-MyContacts.debug.xcconfig"; sourceTree = "<group>"; };
		545760ADDDDF210C6FBFD4D8 /* Pods-MyContactsUITests.release.xcconfig */ = {isa = PBXFileReference; includeInIndex = 1; lastKnownFileType = text.xcconfig; name = "Pods-MyContactsUITests.release.xcconfig"; path = "Pods/Target Support Files/Pods-MyContactsUITests/Pods-MyContactsUITests.release.xcconfig"; sourceTree = "<group>"; };
		6A06861B1F3BA28D002C98B9 /* EventCreation.swift */ = {isa = PBXFileReference; fileEncoding = 4; lastKnownFileType = sourcecode.swift; path = EventCreation.swift; sourceTree = "<group>"; };
		6A365F7D1F3A157D007474B9 /* MyContacts.app */ = {isa = PBXFileReference; explicitFileType = wrapper.application; includeInIndex = 0; path = MyContacts.app; sourceTree = BUILT_PRODUCTS_DIR; };
		6A365F801F3A157D007474B9 /* AppDelegate.swift */ = {isa = PBXFileReference; lastKnownFileType = sourcecode.swift; path = AppDelegate.swift; sourceTree = "<group>"; };
		6A365F821F3A157D007474B9 /* ViewController.swift */ = {isa = PBXFileReference; lastKnownFileType = sourcecode.swift; path = ViewController.swift; sourceTree = "<group>"; };
		6A365F851F3A157D007474B9 /* Base */ = {isa = PBXFileReference; lastKnownFileType = file.storyboard; name = Base; path = Base.lproj/Main.storyboard; sourceTree = "<group>"; };
		6A365F871F3A157D007474B9 /* Assets.xcassets */ = {isa = PBXFileReference; lastKnownFileType = folder.assetcatalog; path = Assets.xcassets; sourceTree = "<group>"; };
		6A365F8A1F3A157D007474B9 /* Base */ = {isa = PBXFileReference; lastKnownFileType = file.storyboard; name = Base; path = Base.lproj/LaunchScreen.storyboard; sourceTree = "<group>"; };
		6A365F8C1F3A157D007474B9 /* Info.plist */ = {isa = PBXFileReference; lastKnownFileType = text.plist.xml; path = Info.plist; sourceTree = "<group>"; };
		6A365F911F3A157D007474B9 /* MyContactsTests.xctest */ = {isa = PBXFileReference; explicitFileType = wrapper.cfbundle; includeInIndex = 0; path = MyContactsTests.xctest; sourceTree = BUILT_PRODUCTS_DIR; };
		6A365F951F3A157D007474B9 /* MyContactsTests.swift */ = {isa = PBXFileReference; lastKnownFileType = sourcecode.swift; path = MyContactsTests.swift; sourceTree = "<group>"; };
		6A365F971F3A157D007474B9 /* Info.plist */ = {isa = PBXFileReference; lastKnownFileType = text.plist.xml; path = Info.plist; sourceTree = "<group>"; };
		6A365F9C1F3A157D007474B9 /* MyContactsUITests.xctest */ = {isa = PBXFileReference; explicitFileType = wrapper.cfbundle; includeInIndex = 0; path = MyContactsUITests.xctest; sourceTree = BUILT_PRODUCTS_DIR; };
		6A365FA01F3A157D007474B9 /* MyContactsUITests.swift */ = {isa = PBXFileReference; lastKnownFileType = sourcecode.swift; path = MyContactsUITests.swift; sourceTree = "<group>"; };
		6A365FA21F3A157D007474B9 /* Info.plist */ = {isa = PBXFileReference; lastKnownFileType = text.plist.xml; path = Info.plist; sourceTree = "<group>"; };
		6A365FAF1F3A20F1007474B9 /* Contact.swift */ = {isa = PBXFileReference; fileEncoding = 4; lastKnownFileType = sourcecode.swift; path = Contact.swift; sourceTree = "<group>"; };
		6A365FB11F3A2234007474B9 /* ContactStorage.swift */ = {isa = PBXFileReference; fileEncoding = 4; lastKnownFileType = sourcecode.swift; path = ContactStorage.swift; sourceTree = "<group>"; };
		6A5D32331F3B45B7008A7008 /* ContactCell.swift */ = {isa = PBXFileReference; fileEncoding = 4; lastKnownFileType = sourcecode.swift; path = ContactCell.swift; sourceTree = "<group>"; };
		6ABEC9D21F3A2FF200C51B4E /* Theme.swift */ = {isa = PBXFileReference; fileEncoding = 4; lastKnownFileType = sourcecode.swift; path = Theme.swift; sourceTree = "<group>"; };
		6ABEC9D41F3A350100C51B4E /* BaseViewController.swift */ = {isa = PBXFileReference; fileEncoding = 4; lastKnownFileType = sourcecode.swift; path = BaseViewController.swift; sourceTree = "<group>"; };
		6ABEC9D61F3A353300C51B4E /* CreateViewController.swift */ = {isa = PBXFileReference; fileEncoding = 4; lastKnownFileType = sourcecode.swift; path = CreateViewController.swift; sourceTree = "<group>"; };
		6ABEC9D81F3A3E8000C51B4E /* ContactViewController.swift */ = {isa = PBXFileReference; fileEncoding = 4; lastKnownFileType = sourcecode.swift; path = ContactViewController.swift; sourceTree = "<group>"; };
		6ABEC9DB1F3A5B8900C51B4E /* Roboto-Medium.ttf */ = {isa = PBXFileReference; lastKnownFileType = file; path = "Roboto-Medium.ttf"; sourceTree = "<group>"; };
		6ABEC9DC1F3A5B8900C51B4E /* Roboto-Regular.ttf */ = {isa = PBXFileReference; lastKnownFileType = file; path = "Roboto-Regular.ttf"; sourceTree = "<group>"; };
		6AC821751F3B4AAA00F394DC /* Utility.swift */ = {isa = PBXFileReference; fileEncoding = 4; lastKnownFileType = sourcecode.swift; path = Utility.swift; sourceTree = "<group>"; };
		6AC821791F3B4F0D00F394DC /* Prompt.swift */ = {isa = PBXFileReference; fileEncoding = 4; lastKnownFileType = sourcecode.swift; path = Prompt.swift; sourceTree = "<group>"; };
		A0AD20A9F8ABFFF57B32B00E /* Pods_MyContacts.framework */ = {isa = PBXFileReference; explicitFileType = wrapper.framework; includeInIndex = 0; path = Pods_MyContacts.framework; sourceTree = BUILT_PRODUCTS_DIR; };
		AAA7CD6E0BDBEA09B04248CE /* Pods-MyContactsTests.release.xcconfig */ = {isa = PBXFileReference; includeInIndex = 1; lastKnownFileType = text.xcconfig; name = "Pods-MyContactsTests.release.xcconfig"; path = "Pods/Target Support Files/Pods-MyContactsTests/Pods-MyContactsTests.release.xcconfig"; sourceTree = "<group>"; };
		CA322B16C3BE47F1B3444C68 /* Pods-MyContactsUITests.debug.xcconfig */ = {isa = PBXFileReference; includeInIndex = 1; lastKnownFileType = text.xcconfig; name = "Pods-MyContactsUITests.debug.xcconfig"; path = "Pods/Target Support Files/Pods-MyContactsUITests/Pods-MyContactsUITests.debug.xcconfig"; sourceTree = "<group>"; };
		DF6B3B643258971D2729C863 /* Pods-MyContactsTests.debug.xcconfig */ = {isa = PBXFileReference; includeInIndex = 1; lastKnownFileType = text.xcconfig; name = "Pods-MyContactsTests.debug.xcconfig"; path = "Pods/Target Support Files/Pods-MyContactsTests/Pods-MyContactsTests.debug.xcconfig"; sourceTree = "<group>"; };
/* End PBXFileReference section */

/* Begin PBXFrameworksBuildPhase section */
		6A365F7A1F3A157D007474B9 /* Frameworks */ = {
			isa = PBXFrameworksBuildPhase;
			buildActionMask = 2147483647;
			files = (
				FC5D129FC2E2DDB5BE50E977 /* Pods_MyContacts.framework in Frameworks */,
			);
			runOnlyForDeploymentPostprocessing = 0;
		};
		6A365F8E1F3A157D007474B9 /* Frameworks */ = {
			isa = PBXFrameworksBuildPhase;
			buildActionMask = 2147483647;
			files = (
				0E430A426E5415524B729C4A /* Pods_MyContactsTests.framework in Frameworks */,
			);
			runOnlyForDeploymentPostprocessing = 0;
		};
		6A365F991F3A157D007474B9 /* Frameworks */ = {
			isa = PBXFrameworksBuildPhase;
			buildActionMask = 2147483647;
			files = (
				2800A89EA3A57798B19BAD71 /* Pods_MyContactsUITests.framework in Frameworks */,
			);
			runOnlyForDeploymentPostprocessing = 0;
		};
/* End PBXFrameworksBuildPhase section */

/* Begin PBXGroup section */
		09A3B179101F47500B597FAB /* Pods */ = {
			isa = PBXGroup;
			children = (
				3E969C5B81FABD6AC6100740 /* Pods-MyContacts.debug.xcconfig */,
				1DC7E8DBCFCF05B87AC31C11 /* Pods-MyContacts.release.xcconfig */,
				DF6B3B643258971D2729C863 /* Pods-MyContactsTests.debug.xcconfig */,
				AAA7CD6E0BDBEA09B04248CE /* Pods-MyContactsTests.release.xcconfig */,
				CA322B16C3BE47F1B3444C68 /* Pods-MyContactsUITests.debug.xcconfig */,
				545760ADDDDF210C6FBFD4D8 /* Pods-MyContactsUITests.release.xcconfig */,
			);
			name = Pods;
			sourceTree = "<group>";
		};
		6A365F741F3A157D007474B9 = {
			isa = PBXGroup;
			children = (
				6A365F7F1F3A157D007474B9 /* MyContacts */,
				6A365F941F3A157D007474B9 /* MyContactsTests */,
				6A365F9F1F3A157D007474B9 /* MyContactsUITests */,
				6A365F7E1F3A157D007474B9 /* Products */,
				09A3B179101F47500B597FAB /* Pods */,
				A1D681282499F0EEC590AAEB /* Frameworks */,
			);
			sourceTree = "<group>";
		};
		6A365F7E1F3A157D007474B9 /* Products */ = {
			isa = PBXGroup;
			children = (
				6A365F7D1F3A157D007474B9 /* MyContacts.app */,
				6A365F911F3A157D007474B9 /* MyContactsTests.xctest */,
				6A365F9C1F3A157D007474B9 /* MyContactsUITests.xctest */,
			);
			name = Products;
			sourceTree = "<group>";
		};
		6A365F7F1F3A157D007474B9 /* MyContacts */ = {
			isa = PBXGroup;
			children = (
				6A365F801F3A157D007474B9 /* AppDelegate.swift */,
				6A365FAE1F3A209E007474B9 /* Storage */,
				6A365FB31F3A22C2007474B9 /* Service */,
				6A365FB51F3A22E7007474B9 /* Business */,
				6A365FB41F3A22DD007474B9 /* UI */,
				6A365F8C1F3A157D007474B9 /* Info.plist */,
			);
			path = MyContacts;
			sourceTree = "<group>";
		};
		6A365F941F3A157D007474B9 /* MyContactsTests */ = {
			isa = PBXGroup;
			children = (
				6A365F951F3A157D007474B9 /* MyContactsTests.swift */,
				6A365F971F3A157D007474B9 /* Info.plist */,
			);
			path = MyContactsTests;
			sourceTree = "<group>";
		};
		6A365F9F1F3A157D007474B9 /* MyContactsUITests */ = {
			isa = PBXGroup;
			children = (
				6A365FA01F3A157D007474B9 /* MyContactsUITests.swift */,
				6A365FA21F3A157D007474B9 /* Info.plist */,
			);
			path = MyContactsUITests;
			sourceTree = "<group>";
		};
		6A365FAE1F3A209E007474B9 /* Storage */ = {
			isa = PBXGroup;
			children = (
				6A365FAF1F3A20F1007474B9 /* Contact.swift */,
				6A365FB11F3A2234007474B9 /* ContactStorage.swift */,
			);
			name = Storage;
			sourceTree = "<group>";
		};
		6A365FB31F3A22C2007474B9 /* Service */ = {
			isa = PBXGroup;
			children = (
				6A06861B1F3BA28D002C98B9 /* EventCreation.swift */,
			);
			name = Service;
			sourceTree = "<group>";
		};
		6A365FB41F3A22DD007474B9 /* UI */ = {
			isa = PBXGroup;
			children = (
				6ABEC9D21F3A2FF200C51B4E /* Theme.swift */,
				6ABEC9D41F3A350100C51B4E /* BaseViewController.swift */,
				6A365F821F3A157D007474B9 /* ViewController.swift */,
				6ABEC9D61F3A353300C51B4E /* CreateViewController.swift */,
				6ABEC9D81F3A3E8000C51B4E /* ContactViewController.swift */,
				6A5D32331F3B45B7008A7008 /* ContactCell.swift */,
				6AC821791F3B4F0D00F394DC /* Prompt.swift */,
				6A365F871F3A157D007474B9 /* Assets.xcassets */,
				6A365F841F3A157D007474B9 /* Main.storyboard */,
				6A365F891F3A157D007474B9 /* LaunchScreen.storyboard */,
				6ABEC9DA1F3A5B4F00C51B4E /* Fonts */,
			);
			name = UI;
			sourceTree = "<group>";
		};
		6A365FB51F3A22E7007474B9 /* Business */ = {
			isa = PBXGroup;
			children = (
				6AC821751F3B4AAA00F394DC /* Utility.swift */,
			);
			name = Business;
			sourceTree = "<group>";
		};
		6ABEC9DA1F3A5B4F00C51B4E /* Fonts */ = {
			isa = PBXGroup;
			children = (
				6ABEC9DB1F3A5B8900C51B4E /* Roboto-Medium.ttf */,
				6ABEC9DC1F3A5B8900C51B4E /* Roboto-Regular.ttf */,
			);
			name = Fonts;
			sourceTree = "<group>";
		};
		A1D681282499F0EEC590AAEB /* Frameworks */ = {
			isa = PBXGroup;
			children = (
				A0AD20A9F8ABFFF57B32B00E /* Pods_MyContacts.framework */,
				31CC960B3E6147FACBB551C9 /* Pods_MyContactsTests.framework */,
				110C2E5977CE4685E2B58FA3 /* Pods_MyContactsUITests.framework */,
			);
			name = Frameworks;
			sourceTree = "<group>";
		};
/* End PBXGroup section */

/* Begin PBXNativeTarget section */
		6A365F7C1F3A157D007474B9 /* MyContacts */ = {
			isa = PBXNativeTarget;
			buildConfigurationList = 6A365FA51F3A157D007474B9 /* Build configuration list for PBXNativeTarget "MyContacts" */;
			buildPhases = (
				C25EC2E5D7AC7B0D09373709 /* [CP] Check Pods Manifest.lock */,
				6A365F791F3A157D007474B9 /* Sources */,
				6A365F7A1F3A157D007474B9 /* Frameworks */,
				6A365F7B1F3A157D007474B9 /* Resources */,
				45A65DE5BF21DC27AF580272 /* [CP] Embed Pods Frameworks */,
				44ABE0A56D3AD6D55F60A0BE /* [CP] Copy Pods Resources */,
			);
			buildRules = (
			);
			dependencies = (
			);
			name = MyContacts;
			productName = MyContacts;
			productReference = 6A365F7D1F3A157D007474B9 /* MyContacts.app */;
			productType = "com.apple.product-type.application";
		};
		6A365F901F3A157D007474B9 /* MyContactsTests */ = {
			isa = PBXNativeTarget;
			buildConfigurationList = 6A365FA81F3A157D007474B9 /* Build configuration list for PBXNativeTarget "MyContactsTests" */;
			buildPhases = (
				5179A50662BCD3C8ECF9FC4F /* [CP] Check Pods Manifest.lock */,
				6A365F8D1F3A157D007474B9 /* Sources */,
				6A365F8E1F3A157D007474B9 /* Frameworks */,
				6A365F8F1F3A157D007474B9 /* Resources */,
				7A641115A12BE58DC8F6711B /* [CP] Embed Pods Frameworks */,
				CBAB06F0669A9AF4207B5818 /* [CP] Copy Pods Resources */,
			);
			buildRules = (
			);
			dependencies = (
				6A365F931F3A157D007474B9 /* PBXTargetDependency */,
			);
			name = MyContactsTests;
			productName = MyContactsTests;
			productReference = 6A365F911F3A157D007474B9 /* MyContactsTests.xctest */;
			productType = "com.apple.product-type.bundle.unit-test";
		};
		6A365F9B1F3A157D007474B9 /* MyContactsUITests */ = {
			isa = PBXNativeTarget;
			buildConfigurationList = 6A365FAB1F3A157D007474B9 /* Build configuration list for PBXNativeTarget "MyContactsUITests" */;
			buildPhases = (
				EA412865FD1C5B2E7F72524F /* [CP] Check Pods Manifest.lock */,
				6A365F981F3A157D007474B9 /* Sources */,
				6A365F991F3A157D007474B9 /* Frameworks */,
				6A365F9A1F3A157D007474B9 /* Resources */,
				64E2951806BD660BAF1BAFEF /* [CP] Embed Pods Frameworks */,
				6C345EA02734E108F7225CEC /* [CP] Copy Pods Resources */,
			);
			buildRules = (
			);
			dependencies = (
				6A365F9E1F3A157D007474B9 /* PBXTargetDependency */,
			);
			name = MyContactsUITests;
			productName = MyContactsUITests;
			productReference = 6A365F9C1F3A157D007474B9 /* MyContactsUITests.xctest */;
			productType = "com.apple.product-type.bundle.ui-testing";
		};
/* End PBXNativeTarget section */

/* Begin PBXProject section */
		6A365F751F3A157D007474B9 /* Project object */ = {
			isa = PBXProject;
			attributes = {
				LastSwiftUpdateCheck = 0830;
				LastUpgradeCheck = 0830;
				ORGANIZATIONNAME = "Richard Lee";
				TargetAttributes = {
					6A365F7C1F3A157D007474B9 = {
						CreatedOnToolsVersion = 8.3.3;
						DevelopmentTeam = 3PL62G36M3;
						ProvisioningStyle = Automatic;
					};
					6A365F901F3A157D007474B9 = {
						CreatedOnToolsVersion = 8.3.3;
						DevelopmentTeam = 3PL62G36M3;
						ProvisioningStyle = Automatic;
						TestTargetID = 6A365F7C1F3A157D007474B9;
					};
					6A365F9B1F3A157D007474B9 = {
						CreatedOnToolsVersion = 8.3.3;
						DevelopmentTeam = 3PL62G36M3;
						ProvisioningStyle = Automatic;
						TestTargetID = 6A365F7C1F3A157D007474B9;
					};
				};
			};
			buildConfigurationList = 6A365F781F3A157D007474B9 /* Build configuration list for PBXProject "MyContacts" */;
			compatibilityVersion = "Xcode 3.2";
			developmentRegion = English;
			hasScannedForEncodings = 0;
			knownRegions = (
				en,
				Base,
			);
			mainGroup = 6A365F741F3A157D007474B9;
			productRefGroup = 6A365F7E1F3A157D007474B9 /* Products */;
			projectDirPath = "";
			projectRoot = "";
			targets = (
				6A365F7C1F3A157D007474B9 /* MyContacts */,
				6A365F901F3A157D007474B9 /* MyContactsTests */,
				6A365F9B1F3A157D007474B9 /* MyContactsUITests */,
			);
		};
/* End PBXProject section */

/* Begin PBXResourcesBuildPhase section */
		6A365F7B1F3A157D007474B9 /* Resources */ = {
			isa = PBXResourcesBuildPhase;
			buildActionMask = 2147483647;
			files = (
				6ABEC9DD1F3A5B8900C51B4E /* Roboto-Medium.ttf in Resources */,
				6A365F8B1F3A157D007474B9 /* LaunchScreen.storyboard in Resources */,
				6ABEC9DE1F3A5B8900C51B4E /* Roboto-Regular.ttf in Resources */,
				6A365F881F3A157D007474B9 /* Assets.xcassets in Resources */,
				6A365F861F3A157D007474B9 /* Main.storyboard in Resources */,
			);
			runOnlyForDeploymentPostprocessing = 0;
		};
		6A365F8F1F3A157D007474B9 /* Resources */ = {
			isa = PBXResourcesBuildPhase;
			buildActionMask = 2147483647;
			files = (
				6A4F53DC1F3A5C23001BFF33 /* Roboto-Regular.ttf in Resources */,
				6A4F53DA1F3A5C20001BFF33 /* Roboto-Medium.ttf in Resources */,
			);
			runOnlyForDeploymentPostprocessing = 0;
		};
		6A365F9A1F3A157D007474B9 /* Resources */ = {
			isa = PBXResourcesBuildPhase;
			buildActionMask = 2147483647;
			files = (
				6A4F53DD1F3A5C23001BFF33 /* Roboto-Regular.ttf in Resources */,
				6A4F53DB1F3A5C20001BFF33 /* Roboto-Medium.ttf in Resources */,
			);
			runOnlyForDeploymentPostprocessing = 0;
		};
/* End PBXResourcesBuildPhase section */

/* Begin PBXShellScriptBuildPhase section */
		44ABE0A56D3AD6D55F60A0BE /* [CP] Copy Pods Resources */ = {
			isa = PBXShellScriptBuildPhase;
			buildActionMask = 2147483647;
			files = (
			);
			inputPaths = (
			);
			name = "[CP] Copy Pods Resources";
			outputPaths = (
			);
			runOnlyForDeploymentPostprocessing = 0;
			shellPath = /bin/sh;
			shellScript = "\"${SRCROOT}/Pods/Target Support Files/Pods-MyContacts/Pods-MyContacts-resources.sh\"\n";
			showEnvVarsInLog = 0;
		};
		45A65DE5BF21DC27AF580272 /* [CP] Embed Pods Frameworks */ = {
			isa = PBXShellScriptBuildPhase;
			buildActionMask = 2147483647;
			files = (
			);
			inputPaths = (
			);
			name = "[CP] Embed Pods Frameworks";
			outputPaths = (
			);
			runOnlyForDeploymentPostprocessing = 0;
			shellPath = /bin/sh;
			shellScript = "\"${SRCROOT}/Pods/Target Support Files/Pods-MyContacts/Pods-MyContacts-frameworks.sh\"\n";
			showEnvVarsInLog = 0;
		};
		5179A50662BCD3C8ECF9FC4F /* [CP] Check Pods Manifest.lock */ = {
			isa = PBXShellScriptBuildPhase;
			buildActionMask = 2147483647;
			files = (
			);
			inputPaths = (
			);
			name = "[CP] Check Pods Manifest.lock";
			outputPaths = (
			);
			runOnlyForDeploymentPostprocessing = 0;
			shellPath = /bin/sh;
			shellScript = "diff \"${PODS_ROOT}/../Podfile.lock\" \"${PODS_ROOT}/Manifest.lock\" > /dev/null\nif [ $? != 0 ] ; then\n    # print error to STDERR\n    echo \"error: The sandbox is not in sync with the Podfile.lock. Run 'pod install' or update your CocoaPods installation.\" >&2\n    exit 1\nfi\n";
			showEnvVarsInLog = 0;
		};
		64E2951806BD660BAF1BAFEF /* [CP] Embed Pods Frameworks */ = {
			isa = PBXShellScriptBuildPhase;
			buildActionMask = 2147483647;
			files = (
			);
			inputPaths = (
			);
			name = "[CP] Embed Pods Frameworks";
			outputPaths = (
			);
			runOnlyForDeploymentPostprocessing = 0;
			shellPath = /bin/sh;
			shellScript = "\"${SRCROOT}/Pods/Target Support Files/Pods-MyContactsUITests/Pods-MyContactsUITests-frameworks.sh\"\n";
			showEnvVarsInLog = 0;
		};
		6C345EA02734E108F7225CEC /* [CP] Copy Pods Resources */ = {
			isa = PBXShellScriptBuildPhase;
			buildActionMask = 2147483647;
			files = (
			);
			inputPaths = (
			);
			name = "[CP] Copy Pods Resources";
			outputPaths = (
			);
			runOnlyForDeploymentPostprocessing = 0;
			shellPath = /bin/sh;
			shellScript = "\"${SRCROOT}/Pods/Target Support Files/Pods-MyContactsUITests/Pods-MyContactsUITests-resources.sh\"\n";
			showEnvVarsInLog = 0;
		};
		7A641115A12BE58DC8F6711B /* [CP] Embed Pods Frameworks */ = {
			isa = PBXShellScriptBuildPhase;
			buildActionMask = 2147483647;
			files = (
			);
			inputPaths = (
			);
			name = "[CP] Embed Pods Frameworks";
			outputPaths = (
			);
			runOnlyForDeploymentPostprocessing = 0;
			shellPath = /bin/sh;
			shellScript = "\"${SRCROOT}/Pods/Target Support Files/Pods-MyContactsTests/Pods-MyContactsTests-frameworks.sh\"\n";
			showEnvVarsInLog = 0;
		};
		C25EC2E5D7AC7B0D09373709 /* [CP] Check Pods Manifest.lock */ = {
			isa = PBXShellScriptBuildPhase;
			buildActionMask = 2147483647;
			files = (
			);
			inputPaths = (
			);
			name = "[CP] Check Pods Manifest.lock";
			outputPaths = (
			);
			runOnlyForDeploymentPostprocessing = 0;
			shellPath = /bin/sh;
			shellScript = "diff \"${PODS_ROOT}/../Podfile.lock\" \"${PODS_ROOT}/Manifest.lock\" > /dev/null\nif [ $? != 0 ] ; then\n    # print error to STDERR\n    echo \"error: The sandbox is not in sync with the Podfile.lock. Run 'pod install' or update your CocoaPods installation.\" >&2\n    exit 1\nfi\n";
			showEnvVarsInLog = 0;
		};
		CBAB06F0669A9AF4207B5818 /* [CP] Copy Pods Resources */ = {
			isa = PBXShellScriptBuildPhase;
			buildActionMask = 2147483647;
			files = (
			);
			inputPaths = (
			);
			name = "[CP] Copy Pods Resources";
			outputPaths = (
			);
			runOnlyForDeploymentPostprocessing = 0;
			shellPath = /bin/sh;
			shellScript = "\"${SRCROOT}/Pods/Target Support Files/Pods-MyContactsTests/Pods-MyContactsTests-resources.sh\"\n";
			showEnvVarsInLog = 0;
		};
		EA412865FD1C5B2E7F72524F /* [CP] Check Pods Manifest.lock */ = {
			isa = PBXShellScriptBuildPhase;
			buildActionMask = 2147483647;
			files = (
			);
			inputPaths = (
			);
			name = "[CP] Check Pods Manifest.lock";
			outputPaths = (
			);
			runOnlyForDeploymentPostprocessing = 0;
			shellPath = /bin/sh;
			shellScript = "diff \"${PODS_ROOT}/../Podfile.lock\" \"${PODS_ROOT}/Manifest.lock\" > /dev/null\nif [ $? != 0 ] ; then\n    # print error to STDERR\n    echo \"error: The sandbox is not in sync with the Podfile.lock. Run 'pod install' or update your CocoaPods installation.\" >&2\n    exit 1\nfi\n";
			showEnvVarsInLog = 0;
		};
/* End PBXShellScriptBuildPhase section */

/* Begin PBXSourcesBuildPhase section */
		6A365F791F3A157D007474B9 /* Sources */ = {
			isa = PBXSourcesBuildPhase;
			buildActionMask = 2147483647;
			files = (
				6A5D32341F3B45B7008A7008 /* ContactCell.swift in Sources */,
				6A365FB21F3A2234007474B9 /* ContactStorage.swift in Sources */,
				6AC821761F3B4AAA00F394DC /* Utility.swift in Sources */,
				6AC8217A1F3B4F0D00F394DC /* Prompt.swift in Sources */,
				6ABEC9D91F3A3E8000C51B4E /* ContactViewController.swift in Sources */,
				6A365FB01F3A20F1007474B9 /* Contact.swift in Sources */,
				6ABEC9D71F3A353300C51B4E /* CreateViewController.swift in Sources */,
				6ABEC9D31F3A2FF200C51B4E /* Theme.swift in Sources */,
				6A365F831F3A157D007474B9 /* ViewController.swift in Sources */,
				6A06861C1F3BA28D002C98B9 /* EventCreation.swift in Sources */,
				6A365F811F3A157D007474B9 /* AppDelegate.swift in Sources */,
				6ABEC9D51F3A350100C51B4E /* BaseViewController.swift in Sources */,
			);
			runOnlyForDeploymentPostprocessing = 0;
		};
		6A365F8D1F3A157D007474B9 /* Sources */ = {
			isa = PBXSourcesBuildPhase;
			buildActionMask = 2147483647;
			files = (
				6A365F961F3A157D007474B9 /* MyContactsTests.swift in Sources */,
			);
			runOnlyForDeploymentPostprocessing = 0;
		};
		6A365F981F3A157D007474B9 /* Sources */ = {
			isa = PBXSourcesBuildPhase;
			buildActionMask = 2147483647;
			files = (
				6A365FA11F3A157D007474B9 /* MyContactsUITests.swift in Sources */,
			);
			runOnlyForDeploymentPostprocessing = 0;
		};
/* End PBXSourcesBuildPhase section */

/* Begin PBXTargetDependency section */
		6A365F931F3A157D007474B9 /* PBXTargetDependency */ = {
			isa = PBXTargetDependency;
			target = 6A365F7C1F3A157D007474B9 /* MyContacts */;
			targetProxy = 6A365F921F3A157D007474B9 /* PBXContainerItemProxy */;
		};
		6A365F9E1F3A157D007474B9 /* PBXTargetDependency */ = {
			isa = PBXTargetDependency;
			target = 6A365F7C1F3A157D007474B9 /* MyContacts */;
			targetProxy = 6A365F9D1F3A157D007474B9 /* PBXContainerItemProxy */;
		};
/* End PBXTargetDependency section */

/* Begin PBXVariantGroup section */
		6A365F841F3A157D007474B9 /* Main.storyboard */ = {
			isa = PBXVariantGroup;
			children = (
				6A365F851F3A157D007474B9 /* Base */,
			);
			name = Main.storyboard;
			sourceTree = "<group>";
		};
		6A365F891F3A157D007474B9 /* LaunchScreen.storyboard */ = {
			isa = PBXVariantGroup;
			children = (
				6A365F8A1F3A157D007474B9 /* Base */,
			);
			name = LaunchScreen.storyboard;
			sourceTree = "<group>";
		};
/* End PBXVariantGroup section */

/* Begin XCBuildConfiguration section */
		6A365FA31F3A157D007474B9 /* Debug */ = {
			isa = XCBuildConfiguration;
			buildSettings = {
				ALWAYS_SEARCH_USER_PATHS = NO;
				CLANG_ANALYZER_NONNULL = YES;
				CLANG_ANALYZER_NUMBER_OBJECT_CONVERSION = YES_AGGRESSIVE;
				CLANG_CXX_LANGUAGE_STANDARD = "gnu++0x";
				CLANG_CXX_LIBRARY = "libc++";
				CLANG_ENABLE_MODULES = YES;
				CLANG_ENABLE_OBJC_ARC = YES;
				CLANG_WARN_BOOL_CONVERSION = YES;
				CLANG_WARN_CONSTANT_CONVERSION = YES;
				CLANG_WARN_DIRECT_OBJC_ISA_USAGE = YES_ERROR;
				CLANG_WARN_DOCUMENTATION_COMMENTS = YES;
				CLANG_WARN_EMPTY_BODY = YES;
				CLANG_WARN_ENUM_CONVERSION = YES;
				CLANG_WARN_INFINITE_RECURSION = YES;
				CLANG_WARN_INT_CONVERSION = YES;
				CLANG_WARN_OBJC_ROOT_CLASS = YES_ERROR;
				CLANG_WARN_SUSPICIOUS_MOVE = YES;
				CLANG_WARN_UNREACHABLE_CODE = YES;
				CLANG_WARN__DUPLICATE_METHOD_MATCH = YES;
				"CODE_SIGN_IDENTITY[sdk=iphoneos*]" = "iPhone Developer";
				COPY_PHASE_STRIP = NO;
				DEBUG_INFORMATION_FORMAT = dwarf;
				ENABLE_STRICT_OBJC_MSGSEND = YES;
				ENABLE_TESTABILITY = YES;
				GCC_C_LANGUAGE_STANDARD = gnu99;
				GCC_DYNAMIC_NO_PIC = NO;
				GCC_NO_COMMON_BLOCKS = YES;
				GCC_OPTIMIZATION_LEVEL = 0;
				GCC_PREPROCESSOR_DEFINITIONS = (
					"DEBUG=1",
					"$(inherited)",
				);
				GCC_WARN_64_TO_32_BIT_CONVERSION = YES;
				GCC_WARN_ABOUT_RETURN_TYPE = YES_ERROR;
				GCC_WARN_UNDECLARED_SELECTOR = YES;
				GCC_WARN_UNINITIALIZED_AUTOS = YES_AGGRESSIVE;
				GCC_WARN_UNUSED_FUNCTION = YES;
				GCC_WARN_UNUSED_VARIABLE = YES;
				IPHONEOS_DEPLOYMENT_TARGET = 10.3;
				MTL_ENABLE_DEBUG_INFO = YES;
				ONLY_ACTIVE_ARCH = YES;
				SDKROOT = iphoneos;
				SWIFT_ACTIVE_COMPILATION_CONDITIONS = DEBUG;
				SWIFT_OPTIMIZATION_LEVEL = "-Onone";
				TARGETED_DEVICE_FAMILY = "1,2";
			};
			name = Debug;
		};
		6A365FA41F3A157D007474B9 /* Release */ = {
			isa = XCBuildConfiguration;
			buildSettings = {
				ALWAYS_SEARCH_USER_PATHS = NO;
				CLANG_ANALYZER_NONNULL = YES;
				CLANG_ANALYZER_NUMBER_OBJECT_CONVERSION = YES_AGGRESSIVE;
				CLANG_CXX_LANGUAGE_STANDARD = "gnu++0x";
				CLANG_CXX_LIBRARY = "libc++";
				CLANG_ENABLE_MODULES = YES;
				CLANG_ENABLE_OBJC_ARC = YES;
				CLANG_WARN_BOOL_CONVERSION = YES;
				CLANG_WARN_CONSTANT_CONVERSION = YES;
				CLANG_WARN_DIRECT_OBJC_ISA_USAGE = YES_ERROR;
				CLANG_WARN_DOCUMENTATION_COMMENTS = YES;
				CLANG_WARN_EMPTY_BODY = YES;
				CLANG_WARN_ENUM_CONVERSION = YES;
				CLANG_WARN_INFINITE_RECURSION = YES;
				CLANG_WARN_INT_CONVERSION = YES;
				CLANG_WARN_OBJC_ROOT_CLASS = YES_ERROR;
				CLANG_WARN_SUSPICIOUS_MOVE = YES;
				CLANG_WARN_UNREACHABLE_CODE = YES;
				CLANG_WARN__DUPLICATE_METHOD_MATCH = YES;
				"CODE_SIGN_IDENTITY[sdk=iphoneos*]" = "iPhone Developer";
				COPY_PHASE_STRIP = NO;
				DEBUG_INFORMATION_FORMAT = "dwarf-with-dsym";
				ENABLE_NS_ASSERTIONS = NO;
				ENABLE_STRICT_OBJC_MSGSEND = YES;
				GCC_C_LANGUAGE_STANDARD = gnu99;
				GCC_NO_COMMON_BLOCKS = YES;
				GCC_WARN_64_TO_32_BIT_CONVERSION = YES;
				GCC_WARN_ABOUT_RETURN_TYPE = YES_ERROR;
				GCC_WARN_UNDECLARED_SELECTOR = YES;
				GCC_WARN_UNINITIALIZED_AUTOS = YES_AGGRESSIVE;
				GCC_WARN_UNUSED_FUNCTION = YES;
				GCC_WARN_UNUSED_VARIABLE = YES;
				IPHONEOS_DEPLOYMENT_TARGET = 10.3;
				MTL_ENABLE_DEBUG_INFO = NO;
				SDKROOT = iphoneos;
				SWIFT_OPTIMIZATION_LEVEL = "-Owholemodule";
				TARGETED_DEVICE_FAMILY = "1,2";
				VALIDATE_PRODUCT = YES;
			};
			name = Release;
		};
		6A365FA61F3A157D007474B9 /* Debug */ = {
			isa = XCBuildConfiguration;
			baseConfigurationReference = 3E969C5B81FABD6AC6100740 /* Pods-MyContacts.debug.xcconfig */;
			buildSettings = {
				ASSETCATALOG_COMPILER_APPICON_NAME = AppIcon;
				DEVELOPMENT_TEAM = 3PL62G36M3;
				INFOPLIST_FILE = MyContacts/Info.plist;
				IPHONEOS_DEPLOYMENT_TARGET = 9.0;
				LD_RUNPATH_SEARCH_PATHS = "$(inherited) @executable_path/Frameworks";
				PRODUCT_BUNDLE_IDENTIFIER = com.tdesignonline.MyContacts;
				PRODUCT_NAME = "$(TARGET_NAME)";
				SWIFT_VERSION = 3.0;
				TARGETED_DEVICE_FAMILY = 1;
			};
			name = Debug;
		};
		6A365FA71F3A157D007474B9 /* Release */ = {
			isa = XCBuildConfiguration;
			baseConfigurationReference = 1DC7E8DBCFCF05B87AC31C11 /* Pods-MyContacts.release.xcconfig */;
			buildSettings = {
				ASSETCATALOG_COMPILER_APPICON_NAME = AppIcon;
				DEVELOPMENT_TEAM = 3PL62G36M3;
				INFOPLIST_FILE = MyContacts/Info.plist;
				IPHONEOS_DEPLOYMENT_TARGET = 9.0;
				LD_RUNPATH_SEARCH_PATHS = "$(inherited) @executable_path/Frameworks";
				PRODUCT_BUNDLE_IDENTIFIER = com.tdesignonline.MyContacts;
				PRODUCT_NAME = "$(TARGET_NAME)";
				SWIFT_VERSION = 3.0;
				TARGETED_DEVICE_FAMILY = 1;
			};
			name = Release;
		};
		6A365FA91F3A157D007474B9 /* Debug */ = {
			isa = XCBuildConfiguration;
			baseConfigurationReference = DF6B3B643258971D2729C863 /* Pods-MyContactsTests.debug.xcconfig */;
			buildSettings = {
				ALWAYS_EMBED_SWIFT_STANDARD_LIBRARIES = YES;
				BUNDLE_LOADER = "$(TEST_HOST)";
				DEVELOPMENT_TEAM = 3PL62G36M3;
				INFOPLIST_FILE = MyContactsTests/Info.plist;
				LD_RUNPATH_SEARCH_PATHS = "$(inherited) @executable_path/Frameworks @loader_path/Frameworks";
				PRODUCT_BUNDLE_IDENTIFIER = com.tdesignonline.MyContactsTests;
				PRODUCT_NAME = "$(TARGET_NAME)";
				SWIFT_VERSION = 3.0;
				TEST_HOST = "$(BUILT_PRODUCTS_DIR)/MyContacts.app/MyContacts";
			};
			name = Debug;
		};
		6A365FAA1F3A157D007474B9 /* Release */ = {
			isa = XCBuildConfiguration;
			baseConfigurationReference = AAA7CD6E0BDBEA09B04248CE /* Pods-MyContactsTests.release.xcconfig */;
			buildSettings = {
				ALWAYS_EMBED_SWIFT_STANDARD_LIBRARIES = YES;
				BUNDLE_LOADER = "$(TEST_HOST)";
				DEVELOPMENT_TEAM = 3PL62G36M3;
				INFOPLIST_FILE = MyContactsTests/Info.plist;
				LD_RUNPATH_SEARCH_PATHS = "$(inherited) @executable_path/Frameworks @loader_path/Frameworks";
				PRODUCT_BUNDLE_IDENTIFIER = com.tdesignonline.MyContactsTests;
				PRODUCT_NAME = "$(TARGET_NAME)";
				SWIFT_VERSION = 3.0;
				TEST_HOST = "$(BUILT_PRODUCTS_DIR)/MyContacts.app/MyContacts";
			};
			name = Release;
		};
		6A365FAC1F3A157D007474B9 /* Debug */ = {
			isa = XCBuildConfiguration;
			baseConfigurationReference = CA322B16C3BE47F1B3444C68 /* Pods-MyContactsUITests.debug.xcconfig */;
			buildSettings = {
				ALWAYS_EMBED_SWIFT_STANDARD_LIBRARIES = YES;
				DEVELOPMENT_TEAM = 3PL62G36M3;
				INFOPLIST_FILE = MyContactsUITests/Info.plist;
				LD_RUNPATH_SEARCH_PATHS = "$(inherited) @executable_path/Frameworks @loader_path/Frameworks";
				PRODUCT_BUNDLE_IDENTIFIER = com.tdesignonline.MyContactsUITests;
				PRODUCT_NAME = "$(TARGET_NAME)";
				SWIFT_VERSION = 3.0;
				TEST_TARGET_NAME = MyContacts;
			};
			name = Debug;
		};
		6A365FAD1F3A157D007474B9 /* Release */ = {
			isa = XCBuildConfiguration;
			baseConfigurationReference = 545760ADDDDF210C6FBFD4D8 /* Pods-MyContactsUITests.release.xcconfig */;
			buildSettings = {
				ALWAYS_EMBED_SWIFT_STANDARD_LIBRARIES = YES;
				DEVELOPMENT_TEAM = 3PL62G36M3;
				INFOPLIST_FILE = MyContactsUITests/Info.plist;
				LD_RUNPATH_SEARCH_PATHS = "$(inherited) @executable_path/Frameworks @loader_path/Frameworks";
				PRODUCT_BUNDLE_IDENTIFIER = com.tdesignonline.MyContactsUITests;
				PRODUCT_NAME = "$(TARGET_NAME)";
				SWIFT_VERSION = 3.0;
				TEST_TARGET_NAME = MyContacts;
			};
			name = Release;
		};
/* End XCBuildConfiguration section */

/* Begin XCConfigurationList section */
		6A365F781F3A157D007474B9 /* Build configuration list for PBXProject "MyContacts" */ = {
			isa = XCConfigurationList;
			buildConfigurations = (
				6A365FA31F3A157D007474B9 /* Debug */,
				6A365FA41F3A157D007474B9 /* Release */,
			);
			defaultConfigurationIsVisible = 0;
			defaultConfigurationName = Release;
		};
		6A365FA51F3A157D007474B9 /* Build configuration list for PBXNativeTarget "MyContacts" */ = {
			isa = XCConfigurationList;
			buildConfigurations = (
				6A365FA61F3A157D007474B9 /* Debug */,
				6A365FA71F3A157D007474B9 /* Release */,
			);
			defaultConfigurationIsVisible = 0;
			defaultConfigurationName = Release;
		};
		6A365FA81F3A157D007474B9 /* Build configuration list for PBXNativeTarget "MyContactsTests" */ = {
			isa = XCConfigurationList;
			buildConfigurations = (
				6A365FA91F3A157D007474B9 /* Debug */,
				6A365FAA1F3A157D007474B9 /* Release */,
			);
			defaultConfigurationIsVisible = 0;
			defaultConfigurationName = Release;
		};
		6A365FAB1F3A157D007474B9 /* Build configuration list for PBXNativeTarget "MyContactsUITests" */ = {
			isa = XCConfigurationList;
			buildConfigurations = (
				6A365FAC1F3A157D007474B9 /* Debug */,
				6A365FAD1F3A157D007474B9 /* Release */,
			);
			defaultConfigurationIsVisible = 0;
			defaultConfigurationName = Release;
		};
/* End XCConfigurationList section */
	};
	rootObject = 6A365F751F3A157D007474B9 /* Project object */;
}
